
Microsoft Visual Studio Solution File, Format Version 12.00
# Visual Studio Version 17
VisualStudioVersion = 17.14.36301.6 d17.14
MinimumVisualStudioVersion = 10.0.40219.1
Project("{FAE04EC0-301F-11D3-BF4B-00C04F79EFBC}") = "GrpcServiceServer", "GrpcServiceServer\GrpcServiceServer.csproj", "{90A32DEC-523A-47A4-89D3-C911598945BD}"
EndProject
Project("{FAE04EC0-301F-11D3-BF4B-00C04F79EFBC}") = "WebApiRest", "WebApiRest\WebApiRest.csproj", "{A2C6975B-255C-4572-9138-26031491DCD3}"
EndProject
Global
	GlobalSection(SolutionConfigurationPlatforms) = preSolution
		Debug|Any CPU = Debug|Any CPU
		Release|Any CPU = Release|Any CPU
	EndGlobalSection
	GlobalSection(ProjectConfigurationPlatforms) = postSolution
		{90A32DEC-523A-47A4-89D3-C911598945BD}.Debug|Any CPU.ActiveCfg = Debug|Any CPU
		{90A32DEC-523A-47A4-89D3-C911598945BD}.Debug|Any CPU.Build.0 = Debug|Any CPU
		{90A32DEC-523A-47A4-89D3-C911598945BD}.Release|Any CPU.ActiveCfg = Release|Any CPU
		{90A32DEC-523A-47A4-89D3-C911598945BD}.Release|Any CPU.Build.0 = Release|Any CPU
		{A2C6975B-255C-4572-9138-26031491DCD3}.Debug|Any CPU.ActiveCfg = Debug|Any CPU
		{A2C6975B-255C-4572-9138-26031491DCD3}.Debug|Any CPU.Build.0 = Debug|Any CPU
		{A2C6975B-255C-4572-9138-26031491DCD3}.Release|Any CPU.ActiveCfg = Release|Any CPU
		{A2C6975B-255C-4572-9138-26031491DCD3}.Release|Any CPU.Build.0 = Release|Any CPU
	EndGlobalSection
	GlobalSection(SolutionProperties) = preSolution
		HideSolutionNode = FALSE
	EndGlobalSection
	GlobalSection(ExtensibilityGlobals) = postSolution
		SolutionGuid = {B3C17B28-3B73-4D9F-9640-8BB3F1082D6D}
	EndGlobalSection
EndGlobal
